
Microsoft Visual Studio Solution File, Format Version 12.00
# Visual Studio 2013
VisualStudioVersion = 12.0.31101.0
MinimumVisualStudioVersion = 10.0.40219.1
Project("{FAE04EC0-301F-11D3-BF4B-00C04F79EFBC}") = "solum.core", "solum.core\solum.core.csproj", "{69546C30-149A-42F6-8A73-BCE9D74D553D}"
EndProject
Project("{FAE04EC0-301F-11D3-BF4B-00C04F79EFBC}") = "solum", "solum\solum.csproj", "{B23A5319-E9DC-408E-A8A5-25AE4037773F}"
EndProject
Project("{FAE04EC0-301F-11D3-BF4B-00C04F79EFBC}") = "solum.extensions", "solum.extensions\solum.extensions.csproj", "{FF778F8A-BCDB-402E-A0EF-15A896B9DCBF}"
EndProject
Project("{FAE04EC0-301F-11D3-BF4B-00C04F79EFBC}") = "solum.web", "solum.web\solum.web.csproj", "{A58E3B3D-9249-4BB5-9D6A-8E3D6A7E33BD}"
EndProject
Project("{2150E333-8FDC-42A3-9474-1A3956D46DE8}") = "lib", "lib", "{111EED2E-39A2-4A50-A302-C59DECD45023}"
EndProject
Project("{FAE04EC0-301F-11D3-BF4B-00C04F79EFBC}") = "RaptorDB", "..\lib\RaptorDB-Document\RaptorDB\RaptorDB.csproj", "{45F6BE30-989A-4749-B6A0-69099C8661F4}"
EndProject
Project("{FAE04EC0-301F-11D3-BF4B-00C04F79EFBC}") = "RaptorDB.Common", "..\lib\RaptorDB-Document\RaptorDB.Common\RaptorDB.Common.csproj", "{32331D51-5BE0-41E2-AF1A-9B086C5AE809}"
EndProject
Project("{FAE04EC0-301F-11D3-BF4B-00C04F79EFBC}") = "Handlebars", "..\lib\Handlebars.Net\source\Handlebars\Handlebars.csproj", "{A09CFF95-B671-48FE-96A8-D3CBDC110B75}"
EndProject
Project("{FAE04EC0-301F-11D3-BF4B-00C04F79EFBC}") = "LightningDB", "..\lib\Lightning.NET\src\LightningDB\LightningDB.csproj", "{4A034D32-98A2-4A6D-9569-D26B5C151AE0}"
EndProject
Global
	GlobalSection(SolutionConfigurationPlatforms) = preSolution
		Debug - Linux|Any CPU = Debug - Linux|Any CPU
		Debug - Linux|Mixed Platforms = Debug - Linux|Mixed Platforms
		Debug - Linux|x64 = Debug - Linux|x64
		Debug - Linux|x86 = Debug - Linux|x86
		Debug|Any CPU = Debug|Any CPU
		Debug|Mixed Platforms = Debug|Mixed Platforms
		Debug|x64 = Debug|x64
		Debug|x86 = Debug|x86
		Release - Linux|Any CPU = Release - Linux|Any CPU
		Release - Linux|Mixed Platforms = Release - Linux|Mixed Platforms
		Release - Linux|x64 = Release - Linux|x64
		Release - Linux|x86 = Release - Linux|x86
		Release|Any CPU = Release|Any CPU
		Release|Mixed Platforms = Release|Mixed Platforms
		Release|x64 = Release|x64
		Release|x86 = Release|x86
	EndGlobalSection
	GlobalSection(ProjectConfigurationPlatforms) = postSolution
		{69546C30-149A-42F6-8A73-BCE9D74D553D}.Debug - Linux|Any CPU.ActiveCfg = Debug|x64
		{69546C30-149A-42F6-8A73-BCE9D74D553D}.Debug - Linux|Any CPU.Build.0 = Debug|x64
		{69546C30-149A-42F6-8A73-BCE9D74D553D}.Debug - Linux|Mixed Platforms.ActiveCfg = Debug - Linux|x64
		{69546C30-149A-42F6-8A73-BCE9D74D553D}.Debug - Linux|Mixed Platforms.Build.0 = Debug - Linux|x64
		{69546C30-149A-42F6-8A73-BCE9D74D553D}.Debug - Linux|x64.ActiveCfg = Debug - Linux|x64
		{69546C30-149A-42F6-8A73-BCE9D74D553D}.Debug - Linux|x64.Build.0 = Debug - Linux|x64
		{69546C30-149A-42F6-8A73-BCE9D74D553D}.Debug - Linux|x86.ActiveCfg = Debug - Linux|x64
		{69546C30-149A-42F6-8A73-BCE9D74D553D}.Debug|Any CPU.ActiveCfg = Debug|x64
		{69546C30-149A-42F6-8A73-BCE9D74D553D}.Debug|Mixed Platforms.ActiveCfg = Debug|x64
		{69546C30-149A-42F6-8A73-BCE9D74D553D}.Debug|Mixed Platforms.Build.0 = Debug|x64
		{69546C30-149A-42F6-8A73-BCE9D74D553D}.Debug|x64.ActiveCfg = Debug|x64
		{69546C30-149A-42F6-8A73-BCE9D74D553D}.Debug|x64.Build.0 = Debug|x64
		{69546C30-149A-42F6-8A73-BCE9D74D553D}.Debug|x86.ActiveCfg = Debug|x64
		{69546C30-149A-42F6-8A73-BCE9D74D553D}.Release - Linux|Any CPU.ActiveCfg = Release - Linux|x64
		{69546C30-149A-42F6-8A73-BCE9D74D553D}.Release - Linux|Mixed Platforms.ActiveCfg = Release - Linux|x64
		{69546C30-149A-42F6-8A73-BCE9D74D553D}.Release - Linux|Mixed Platforms.Build.0 = Release - Linux|x64
		{69546C30-149A-42F6-8A73-BCE9D74D553D}.Release - Linux|x64.ActiveCfg = Release - Linux|x64
		{69546C30-149A-42F6-8A73-BCE9D74D553D}.Release - Linux|x64.Build.0 = Release - Linux|x64
		{69546C30-149A-42F6-8A73-BCE9D74D553D}.Release - Linux|x86.ActiveCfg = Release - Linux|x64
		{69546C30-149A-42F6-8A73-BCE9D74D553D}.Release|Any CPU.ActiveCfg = Release|x64
		{69546C30-149A-42F6-8A73-BCE9D74D553D}.Release|Mixed Platforms.ActiveCfg = Release|x64
		{69546C30-149A-42F6-8A73-BCE9D74D553D}.Release|Mixed Platforms.Build.0 = Release|x64
		{69546C30-149A-42F6-8A73-BCE9D74D553D}.Release|x64.ActiveCfg = Release|x64
		{69546C30-149A-42F6-8A73-BCE9D74D553D}.Release|x64.Build.0 = Release|x64
		{69546C30-149A-42F6-8A73-BCE9D74D553D}.Release|x86.ActiveCfg = Release|x64
		{B23A5319-E9DC-408E-A8A5-25AE4037773F}.Debug - Linux|Any CPU.ActiveCfg = Debug|x64
		{B23A5319-E9DC-408E-A8A5-25AE4037773F}.Debug - Linux|Any CPU.Build.0 = Debug|x64
		{B23A5319-E9DC-408E-A8A5-25AE4037773F}.Debug - Linux|Mixed Platforms.ActiveCfg = Debug - Linux|x64
		{B23A5319-E9DC-408E-A8A5-25AE4037773F}.Debug - Linux|Mixed Platforms.Build.0 = Debug - Linux|x64
		{B23A5319-E9DC-408E-A8A5-25AE4037773F}.Debug - Linux|x64.ActiveCfg = Debug - Linux|x64
		{B23A5319-E9DC-408E-A8A5-25AE4037773F}.Debug - Linux|x64.Build.0 = Debug - Linux|x64
		{B23A5319-E9DC-408E-A8A5-25AE4037773F}.Debug - Linux|x86.ActiveCfg = Debug - Linux|x64
		{B23A5319-E9DC-408E-A8A5-25AE4037773F}.Debug|Any CPU.ActiveCfg = Debug|x64
		{B23A5319-E9DC-408E-A8A5-25AE4037773F}.Debug|Mixed Platforms.ActiveCfg = Debug|x64
		{B23A5319-E9DC-408E-A8A5-25AE4037773F}.Debug|Mixed Platforms.Build.0 = Debug|x64
		{B23A5319-E9DC-408E-A8A5-25AE4037773F}.Debug|x64.ActiveCfg = Debug|x64
		{B23A5319-E9DC-408E-A8A5-25AE4037773F}.Debug|x64.Build.0 = Debug|x64
		{B23A5319-E9DC-408E-A8A5-25AE4037773F}.Debug|x86.ActiveCfg = Debug|x64
		{B23A5319-E9DC-408E-A8A5-25AE4037773F}.Release - Linux|Any CPU.ActiveCfg = Release - Linux|x64
		{B23A5319-E9DC-408E-A8A5-25AE4037773F}.Release - Linux|Mixed Platforms.ActiveCfg = Release - Linux|x64
		{B23A5319-E9DC-408E-A8A5-25AE4037773F}.Release - Linux|Mixed Platforms.Build.0 = Release - Linux|x64
		{B23A5319-E9DC-408E-A8A5-25AE4037773F}.Release - Linux|x64.ActiveCfg = Release - Linux|x64
		{B23A5319-E9DC-408E-A8A5-25AE4037773F}.Release - Linux|x64.Build.0 = Release - Linux|x64
		{B23A5319-E9DC-408E-A8A5-25AE4037773F}.Release - Linux|x86.ActiveCfg = Release - Linux|x64
		{B23A5319-E9DC-408E-A8A5-25AE4037773F}.Release|Any CPU.ActiveCfg = Release|x64
		{B23A5319-E9DC-408E-A8A5-25AE4037773F}.Release|Mixed Platforms.ActiveCfg = Release|x64
		{B23A5319-E9DC-408E-A8A5-25AE4037773F}.Release|Mixed Platforms.Build.0 = Release|x64
		{B23A5319-E9DC-408E-A8A5-25AE4037773F}.Release|x64.ActiveCfg = Release|x64
		{B23A5319-E9DC-408E-A8A5-25AE4037773F}.Release|x64.Build.0 = Release|x64
		{B23A5319-E9DC-408E-A8A5-25AE4037773F}.Release|x86.ActiveCfg = Release|x64
		{FF778F8A-BCDB-402E-A0EF-15A896B9DCBF}.Debug - Linux|Any CPU.ActiveCfg = Debug|x64
		{FF778F8A-BCDB-402E-A0EF-15A896B9DCBF}.Debug - Linux|Any CPU.Build.0 = Debug|x64
		{FF778F8A-BCDB-402E-A0EF-15A896B9DCBF}.Debug - Linux|Mixed Platforms.ActiveCfg = Debug - Linux|x64
		{FF778F8A-BCDB-402E-A0EF-15A896B9DCBF}.Debug - Linux|Mixed Platforms.Build.0 = Debug - Linux|x64
		{FF778F8A-BCDB-402E-A0EF-15A896B9DCBF}.Debug - Linux|x64.ActiveCfg = Debug - Linux|x64
		{FF778F8A-BCDB-402E-A0EF-15A896B9DCBF}.Debug - Linux|x64.Build.0 = Debug - Linux|x64
		{FF778F8A-BCDB-402E-A0EF-15A896B9DCBF}.Debug - Linux|x86.ActiveCfg = Debug - Linux|x64
		{FF778F8A-BCDB-402E-A0EF-15A896B9DCBF}.Debug|Any CPU.ActiveCfg = Debug|x64
		{FF778F8A-BCDB-402E-A0EF-15A896B9DCBF}.Debug|Mixed Platforms.ActiveCfg = Debug|x64
		{FF778F8A-BCDB-402E-A0EF-15A896B9DCBF}.Debug|Mixed Platforms.Build.0 = Debug|x64
		{FF778F8A-BCDB-402E-A0EF-15A896B9DCBF}.Debug|x64.ActiveCfg = Debug|x64
		{FF778F8A-BCDB-402E-A0EF-15A896B9DCBF}.Debug|x64.Build.0 = Debug|x64
		{FF778F8A-BCDB-402E-A0EF-15A896B9DCBF}.Debug|x86.ActiveCfg = Debug|x64
		{FF778F8A-BCDB-402E-A0EF-15A896B9DCBF}.Release - Linux|Any CPU.ActiveCfg = Release - Linux|x64
		{FF778F8A-BCDB-402E-A0EF-15A896B9DCBF}.Release - Linux|Mixed Platforms.ActiveCfg = Release - Linux|x64
		{FF778F8A-BCDB-402E-A0EF-15A896B9DCBF}.Release - Linux|Mixed Platforms.Build.0 = Release - Linux|x64
		{FF778F8A-BCDB-402E-A0EF-15A896B9DCBF}.Release - Linux|x64.ActiveCfg = Release - Linux|x64
		{FF778F8A-BCDB-402E-A0EF-15A896B9DCBF}.Release - Linux|x64.Build.0 = Release - Linux|x64
		{FF778F8A-BCDB-402E-A0EF-15A896B9DCBF}.Release - Linux|x86.ActiveCfg = Release - Linux|x64
		{FF778F8A-BCDB-402E-A0EF-15A896B9DCBF}.Release|Any CPU.ActiveCfg = Release|x64
		{FF778F8A-BCDB-402E-A0EF-15A896B9DCBF}.Release|Mixed Platforms.ActiveCfg = Release|x64
		{FF778F8A-BCDB-402E-A0EF-15A896B9DCBF}.Release|Mixed Platforms.Build.0 = Release|x64
		{FF778F8A-BCDB-402E-A0EF-15A896B9DCBF}.Release|x64.ActiveCfg = Release|x64
		{FF778F8A-BCDB-402E-A0EF-15A896B9DCBF}.Release|x64.Build.0 = Release|x64
		{FF778F8A-BCDB-402E-A0EF-15A896B9DCBF}.Release|x86.ActiveCfg = Release|x64
		{A58E3B3D-9249-4BB5-9D6A-8E3D6A7E33BD}.Debug - Linux|Any CPU.ActiveCfg = Debug|x64
		{A58E3B3D-9249-4BB5-9D6A-8E3D6A7E33BD}.Debug - Linux|Any CPU.Build.0 = Debug|x64
		{A58E3B3D-9249-4BB5-9D6A-8E3D6A7E33BD}.Debug - Linux|Mixed Platforms.ActiveCfg = Debug - Linux|x64
		{A58E3B3D-9249-4BB5-9D6A-8E3D6A7E33BD}.Debug - Linux|Mixed Platforms.Build.0 = Debug - Linux|x64
		{A58E3B3D-9249-4BB5-9D6A-8E3D6A7E33BD}.Debug - Linux|x64.ActiveCfg = Debug - Linux|x64
		{A58E3B3D-9249-4BB5-9D6A-8E3D6A7E33BD}.Debug - Linux|x64.Build.0 = Debug - Linux|x64
		{A58E3B3D-9249-4BB5-9D6A-8E3D6A7E33BD}.Debug - Linux|x86.ActiveCfg = Debug - Linux|x64
		{A58E3B3D-9249-4BB5-9D6A-8E3D6A7E33BD}.Debug|Any CPU.ActiveCfg = Debug|x64
		{A58E3B3D-9249-4BB5-9D6A-8E3D6A7E33BD}.Debug|Mixed Platforms.ActiveCfg = Debug|x64
		{A58E3B3D-9249-4BB5-9D6A-8E3D6A7E33BD}.Debug|Mixed Platforms.Build.0 = Debug|x64
		{A58E3B3D-9249-4BB5-9D6A-8E3D6A7E33BD}.Debug|x64.ActiveCfg = Debug|x64
		{A58E3B3D-9249-4BB5-9D6A-8E3D6A7E33BD}.Debug|x64.Build.0 = Debug|x64
		{A58E3B3D-9249-4BB5-9D6A-8E3D6A7E33BD}.Debug|x86.ActiveCfg = Debug|x64
		{A58E3B3D-9249-4BB5-9D6A-8E3D6A7E33BD}.Release - Linux|Any CPU.ActiveCfg = Release - Linux|x64
		{A58E3B3D-9249-4BB5-9D6A-8E3D6A7E33BD}.Release - Linux|Mixed Platforms.ActiveCfg = Release - Linux|x64
		{A58E3B3D-9249-4BB5-9D6A-8E3D6A7E33BD}.Release - Linux|Mixed Platforms.Build.0 = Release - Linux|x64
		{A58E3B3D-9249-4BB5-9D6A-8E3D6A7E33BD}.Release - Linux|x64.ActiveCfg = Release - Linux|x64
		{A58E3B3D-9249-4BB5-9D6A-8E3D6A7E33BD}.Release - Linux|x64.Build.0 = Release - Linux|x64
		{A58E3B3D-9249-4BB5-9D6A-8E3D6A7E33BD}.Release - Linux|x86.ActiveCfg = Release - Linux|x64
		{A58E3B3D-9249-4BB5-9D6A-8E3D6A7E33BD}.Release|Any CPU.ActiveCfg = Release|x64
		{A58E3B3D-9249-4BB5-9D6A-8E3D6A7E33BD}.Release|Mixed Platforms.ActiveCfg = Release|x64
		{A58E3B3D-9249-4BB5-9D6A-8E3D6A7E33BD}.Release|Mixed Platforms.Build.0 = Release|x64
		{A58E3B3D-9249-4BB5-9D6A-8E3D6A7E33BD}.Release|x64.ActiveCfg = Release|x64
		{A58E3B3D-9249-4BB5-9D6A-8E3D6A7E33BD}.Release|x64.Build.0 = Release|x64
		{A58E3B3D-9249-4BB5-9D6A-8E3D6A7E33BD}.Release|x86.ActiveCfg = Release|x64
		{45F6BE30-989A-4749-B6A0-69099C8661F4}.Debug - Linux|Any CPU.ActiveCfg = Debug|Any CPU
		{45F6BE30-989A-4749-B6A0-69099C8661F4}.Debug - Linux|Any CPU.Build.0 = Debug|Any CPU
		{45F6BE30-989A-4749-B6A0-69099C8661F4}.Debug - Linux|Mixed Platforms.ActiveCfg = Debug|Any CPU
		{45F6BE30-989A-4749-B6A0-69099C8661F4}.Debug - Linux|Mixed Platforms.Build.0 = Debug|Any CPU
		{45F6BE30-989A-4749-B6A0-69099C8661F4}.Debug - Linux|x64.ActiveCfg = Debug|Any CPU
		{45F6BE30-989A-4749-B6A0-69099C8661F4}.Debug - Linux|x64.Build.0 = Debug|Any CPU
		{45F6BE30-989A-4749-B6A0-69099C8661F4}.Debug - Linux|x86.ActiveCfg = Debug|Any CPU
		{45F6BE30-989A-4749-B6A0-69099C8661F4}.Debug|Any CPU.ActiveCfg = Debug|Any CPU
		{45F6BE30-989A-4749-B6A0-69099C8661F4}.Debug|Any CPU.Build.0 = Debug|Any CPU
		{45F6BE30-989A-4749-B6A0-69099C8661F4}.Debug|Mixed Platforms.ActiveCfg = Debug|Any CPU
		{45F6BE30-989A-4749-B6A0-69099C8661F4}.Debug|Mixed Platforms.Build.0 = Debug|Any CPU
		{45F6BE30-989A-4749-B6A0-69099C8661F4}.Debug|x64.ActiveCfg = Debug|Any CPU
		{45F6BE30-989A-4749-B6A0-69099C8661F4}.Debug|x64.Build.0 = Debug|Any CPU
		{45F6BE30-989A-4749-B6A0-69099C8661F4}.Debug|x86.ActiveCfg = Debug|Any CPU
		{45F6BE30-989A-4749-B6A0-69099C8661F4}.Release - Linux|Any CPU.ActiveCfg = Release|Any CPU
		{45F6BE30-989A-4749-B6A0-69099C8661F4}.Release - Linux|Any CPU.Build.0 = Release|Any CPU
		{45F6BE30-989A-4749-B6A0-69099C8661F4}.Release - Linux|Mixed Platforms.ActiveCfg = Release|Any CPU
		{45F6BE30-989A-4749-B6A0-69099C8661F4}.Release - Linux|Mixed Platforms.Build.0 = Release|Any CPU
		{45F6BE30-989A-4749-B6A0-69099C8661F4}.Release - Linux|x64.ActiveCfg = Release|Any CPU
		{45F6BE30-989A-4749-B6A0-69099C8661F4}.Release - Linux|x64.Build.0 = Release|Any CPU
		{45F6BE30-989A-4749-B6A0-69099C8661F4}.Release - Linux|x86.ActiveCfg = Release|Any CPU
		{45F6BE30-989A-4749-B6A0-69099C8661F4}.Release|Any CPU.ActiveCfg = Release|Any CPU
		{45F6BE30-989A-4749-B6A0-69099C8661F4}.Release|Any CPU.Build.0 = Release|Any CPU
		{45F6BE30-989A-4749-B6A0-69099C8661F4}.Release|Mixed Platforms.ActiveCfg = Release|Any CPU
		{45F6BE30-989A-4749-B6A0-69099C8661F4}.Release|Mixed Platforms.Build.0 = Release|Any CPU
		{45F6BE30-989A-4749-B6A0-69099C8661F4}.Release|x64.ActiveCfg = Release|Any CPU
		{45F6BE30-989A-4749-B6A0-69099C8661F4}.Release|x64.Build.0 = Release|Any CPU
		{45F6BE30-989A-4749-B6A0-69099C8661F4}.Release|x86.ActiveCfg = Release|Any CPU
		{32331D51-5BE0-41E2-AF1A-9B086C5AE809}.Debug - Linux|Any CPU.ActiveCfg = Debug|Any CPU
		{32331D51-5BE0-41E2-AF1A-9B086C5AE809}.Debug - Linux|Any CPU.Build.0 = Debug|Any CPU
		{32331D51-5BE0-41E2-AF1A-9B086C5AE809}.Debug - Linux|Mixed Platforms.ActiveCfg = Debug|Any CPU
		{32331D51-5BE0-41E2-AF1A-9B086C5AE809}.Debug - Linux|Mixed Platforms.Build.0 = Debug|Any CPU
		{32331D51-5BE0-41E2-AF1A-9B086C5AE809}.Debug - Linux|x64.ActiveCfg = Debug|Any CPU
		{32331D51-5BE0-41E2-AF1A-9B086C5AE809}.Debug - Linux|x64.Build.0 = Debug|Any CPU
		{32331D51-5BE0-41E2-AF1A-9B086C5AE809}.Debug - Linux|x86.ActiveCfg = Debug|Any CPU
		{32331D51-5BE0-41E2-AF1A-9B086C5AE809}.Debug|Any CPU.ActiveCfg = Debug|Any CPU
		{32331D51-5BE0-41E2-AF1A-9B086C5AE809}.Debug|Any CPU.Build.0 = Debug|Any CPU
		{32331D51-5BE0-41E2-AF1A-9B086C5AE809}.Debug|Mixed Platforms.ActiveCfg = Debug|Any CPU
		{32331D51-5BE0-41E2-AF1A-9B086C5AE809}.Debug|Mixed Platforms.Build.0 = Debug|Any CPU
		{32331D51-5BE0-41E2-AF1A-9B086C5AE809}.Debug|x64.ActiveCfg = Debug|Any CPU
		{32331D51-5BE0-41E2-AF1A-9B086C5AE809}.Debug|x64.Build.0 = Debug|Any CPU
		{32331D51-5BE0-41E2-AF1A-9B086C5AE809}.Debug|x86.ActiveCfg = Debug|Any CPU
		{32331D51-5BE0-41E2-AF1A-9B086C5AE809}.Release - Linux|Any CPU.ActiveCfg = Release|Any CPU
		{32331D51-5BE0-41E2-AF1A-9B086C5AE809}.Release - Linux|Any CPU.Build.0 = Release|Any CPU
		{32331D51-5BE0-41E2-AF1A-9B086C5AE809}.Release - Linux|Mixed Platforms.ActiveCfg = Release|Any CPU
		{32331D51-5BE0-41E2-AF1A-9B086C5AE809}.Release - Linux|Mixed Platforms.Build.0 = Release|Any CPU
		{32331D51-5BE0-41E2-AF1A-9B086C5AE809}.Release - Linux|x64.ActiveCfg = Release|Any CPU
		{32331D51-5BE0-41E2-AF1A-9B086C5AE809}.Release - Linux|x64.Build.0 = Release|Any CPU
		{32331D51-5BE0-41E2-AF1A-9B086C5AE809}.Release - Linux|x86.ActiveCfg = Release|Any CPU
		{32331D51-5BE0-41E2-AF1A-9B086C5AE809}.Release|Any CPU.ActiveCfg = Release|Any CPU
		{32331D51-5BE0-41E2-AF1A-9B086C5AE809}.Release|Any CPU.Build.0 = Release|Any CPU
		{32331D51-5BE0-41E2-AF1A-9B086C5AE809}.Release|Mixed Platforms.ActiveCfg = Release|Any CPU
		{32331D51-5BE0-41E2-AF1A-9B086C5AE809}.Release|Mixed Platforms.Build.0 = Release|Any CPU
		{32331D51-5BE0-41E2-AF1A-9B086C5AE809}.Release|x64.ActiveCfg = Release|Any CPU
		{32331D51-5BE0-41E2-AF1A-9B086C5AE809}.Release|x64.Build.0 = Release|Any CPU
		{32331D51-5BE0-41E2-AF1A-9B086C5AE809}.Release|x86.ActiveCfg = Release|Any CPU
		{A09CFF95-B671-48FE-96A8-D3CBDC110B75}.Debug - Linux|Any CPU.ActiveCfg = Debug|Any CPU
		{A09CFF95-B671-48FE-96A8-D3CBDC110B75}.Debug - Linux|Any CPU.Build.0 = Debug|Any CPU
		{A09CFF95-B671-48FE-96A8-D3CBDC110B75}.Debug - Linux|Mixed Platforms.ActiveCfg = Debug|Any CPU
		{A09CFF95-B671-48FE-96A8-D3CBDC110B75}.Debug - Linux|Mixed Platforms.Build.0 = Debug|Any CPU
		{A09CFF95-B671-48FE-96A8-D3CBDC110B75}.Debug - Linux|x64.ActiveCfg = Debug|Any CPU
		{A09CFF95-B671-48FE-96A8-D3CBDC110B75}.Debug - Linux|x64.Build.0 = Debug|Any CPU
		{A09CFF95-B671-48FE-96A8-D3CBDC110B75}.Debug - Linux|x86.ActiveCfg = Debug|Any CPU
		{A09CFF95-B671-48FE-96A8-D3CBDC110B75}.Debug|Any CPU.ActiveCfg = Debug|Any CPU
		{A09CFF95-B671-48FE-96A8-D3CBDC110B75}.Debug|Any CPU.Build.0 = Debug|Any CPU
		{A09CFF95-B671-48FE-96A8-D3CBDC110B75}.Debug|Mixed Platforms.ActiveCfg = Debug|Any CPU
		{A09CFF95-B671-48FE-96A8-D3CBDC110B75}.Debug|Mixed Platforms.Build.0 = Debug|Any CPU
		{A09CFF95-B671-48FE-96A8-D3CBDC110B75}.Debug|x64.ActiveCfg = Debug|Any CPU
		{A09CFF95-B671-48FE-96A8-D3CBDC110B75}.Debug|x64.Build.0 = Debug|Any CPU
		{A09CFF95-B671-48FE-96A8-D3CBDC110B75}.Debug|x86.ActiveCfg = Debug|Any CPU
		{A09CFF95-B671-48FE-96A8-D3CBDC110B75}.Release - Linux|Any CPU.ActiveCfg = Release|Any CPU
		{A09CFF95-B671-48FE-96A8-D3CBDC110B75}.Release - Linux|Any CPU.Build.0 = Release|Any CPU
		{A09CFF95-B671-48FE-96A8-D3CBDC110B75}.Release - Linux|Mixed Platforms.ActiveCfg = Release|Any CPU
		{A09CFF95-B671-48FE-96A8-D3CBDC110B75}.Release - Linux|Mixed Platforms.Build.0 = Release|Any CPU
		{A09CFF95-B671-48FE-96A8-D3CBDC110B75}.Release - Linux|x64.ActiveCfg = Release|Any CPU
		{A09CFF95-B671-48FE-96A8-D3CBDC110B75}.Release - Linux|x64.Build.0 = Release|Any CPU
		{A09CFF95-B671-48FE-96A8-D3CBDC110B75}.Release - Linux|x86.ActiveCfg = Release|Any CPU
		{A09CFF95-B671-48FE-96A8-D3CBDC110B75}.Release|Any CPU.ActiveCfg = Release|Any CPU
		{A09CFF95-B671-48FE-96A8-D3CBDC110B75}.Release|Any CPU.Build.0 = Release|Any CPU
		{A09CFF95-B671-48FE-96A8-D3CBDC110B75}.Release|Mixed Platforms.ActiveCfg = Release|Any CPU
		{A09CFF95-B671-48FE-96A8-D3CBDC110B75}.Release|Mixed Platforms.Build.0 = Release|Any CPU
		{A09CFF95-B671-48FE-96A8-D3CBDC110B75}.Release|x64.ActiveCfg = Release|Any CPU
		{A09CFF95-B671-48FE-96A8-D3CBDC110B75}.Release|x64.Build.0 = Release|Any CPU
		{A09CFF95-B671-48FE-96A8-D3CBDC110B75}.Release|x86.ActiveCfg = Release|Any CPU
		{4A034D32-98A2-4A6D-9569-D26B5C151AE0}.Debug - Linux|Any CPU.ActiveCfg = Debug|Any CPU
		{4A034D32-98A2-4A6D-9569-D26B5C151AE0}.Debug - Linux|Any CPU.Build.0 = Debug|Any CPU
		{4A034D32-98A2-4A6D-9569-D26B5C151AE0}.Debug - Linux|Mixed Platforms.ActiveCfg = Debug|x86
		{4A034D32-98A2-4A6D-9569-D26B5C151AE0}.Debug - Linux|Mixed Platforms.Build.0 = Debug|x86
		{4A034D32-98A2-4A6D-9569-D26B5C151AE0}.Debug - Linux|x64.ActiveCfg = Debug|Any CPU
		{4A034D32-98A2-4A6D-9569-D26B5C151AE0}.Debug - Linux|x86.ActiveCfg = Debug|x86
		{4A034D32-98A2-4A6D-9569-D26B5C151AE0}.Debug - Linux|x86.Build.0 = Debug|x86
		{4A034D32-98A2-4A6D-9569-D26B5C151AE0}.Debug|Any CPU.ActiveCfg = Debug|Any CPU
		{4A034D32-98A2-4A6D-9569-D26B5C151AE0}.Debug|Any CPU.Build.0 = Debug|Any CPU
		{4A034D32-98A2-4A6D-9569-D26B5C151AE0}.Debug|Mixed Platforms.ActiveCfg = Debug|x86
		{4A034D32-98A2-4A6D-9569-D26B5C151AE0}.Debug|Mixed Platforms.Build.0 = Debug|x86
		{4A034D32-98A2-4A6D-9569-D26B5C151AE0}.Debug|x64.ActiveCfg = Debug|Any CPU
		{4A034D32-98A2-4A6D-9569-D26B5C151AE0}.Debug|x86.ActiveCfg = Debug|x86
		{4A034D32-98A2-4A6D-9569-D26B5C151AE0}.Debug|x86.Build.0 = Debug|x86
		{4A034D32-98A2-4A6D-9569-D26B5C151AE0}.Release - Linux|Any CPU.ActiveCfg = Release|Any CPU
		{4A034D32-98A2-4A6D-9569-D26B5C151AE0}.Release - Linux|Any CPU.Build.0 = Release|Any CPU
		{4A034D32-98A2-4A6D-9569-D26B5C151AE0}.Release - Linux|Mixed Platforms.ActiveCfg = Release|x86
		{4A034D32-98A2-4A6D-9569-D26B5C151AE0}.Release - Linux|Mixed Platforms.Build.0 = Release|x86
		{4A034D32-98A2-4A6D-9569-D26B5C151AE0}.Release - Linux|x64.ActiveCfg = Release|Any CPU
		{4A034D32-98A2-4A6D-9569-D26B5C151AE0}.Release - Linux|x86.ActiveCfg = Release|x86
		{4A034D32-98A2-4A6D-9569-D26B5C151AE0}.Release - Linux|x86.Build.0 = Release|x86
		{4A034D32-98A2-4A6D-9569-D26B5C151AE0}.Release|Any CPU.ActiveCfg = Release|Any CPU
		{4A034D32-98A2-4A6D-9569-D26B5C151AE0}.Release|Any CPU.Build.0 = Release|Any CPU
		{4A034D32-98A2-4A6D-9569-D26B5C151AE0}.Release|Mixed Platforms.ActiveCfg = Release|x86
		{4A034D32-98A2-4A6D-9569-D26B5C151AE0}.Release|Mixed Platforms.Build.0 = Release|x86
		{4A034D32-98A2-4A6D-9569-D26B5C151AE0}.Release|x64.ActiveCfg = Release|Any CPU
		{4A034D32-98A2-4A6D-9569-D26B5C151AE0}.Release|x86.ActiveCfg = Release|x86
		{4A034D32-98A2-4A6D-9569-D26B5C151AE0}.Release|x86.Build.0 = Release|x86
	EndGlobalSection
	GlobalSection(SolutionProperties) = preSolution
		HideSolutionNode = FALSE
	EndGlobalSection
	GlobalSection(NestedProjects) = preSolution
		{45F6BE30-989A-4749-B6A0-69099C8661F4} = {111EED2E-39A2-4A50-A302-C59DECD45023}
		{32331D51-5BE0-41E2-AF1A-9B086C5AE809} = {111EED2E-39A2-4A50-A302-C59DECD45023}
		{A09CFF95-B671-48FE-96A8-D3CBDC110B75} = {111EED2E-39A2-4A50-A302-C59DECD45023}
		{4A034D32-98A2-4A6D-9569-D26B5C151AE0} = {111EED2E-39A2-4A50-A302-C59DECD45023}
	EndGlobalSection
EndGlobal
